{
  "name": "map-web-template",
  "version": "0.0.1",
  "lockfileVersion": 1,
  "requires": true,
  "dependencies": {
    "leaflet": {
      "version": "1.1.0",
      "resolved": "https://registry.npmjs.org/leaflet/-/leaflet-1.1.0.tgz",
      "integrity": "sha512-JK2bT5tZnLQlNuLa8pjOvUC/c/t4MfXBPZyrNK3C1BBxfX1rMHxFC2DvVCNd8esRjDtEddnwSTlv54sC5gvtMQ=="
    },
    "leaflet-csvtiles": {
      "version": "github:gherardovarando/leaflet-csvtiles#937f9d28b79a07825400209591962215b73bbccf",
      "requires": {
        "papaparse": "4.3.5"
      }
    },
    "leaflet-draw": {
      "version": "0.3.2",
      "resolved": "https://registry.npmjs.org/leaflet-draw/-/leaflet-draw-0.3.2.tgz",
      "integrity": "sha1-cX7o/tTCqWecEhYuH5ItLaUD0Qk=",
      "optional": true
    },
    "leaflet-geometryutil": {
      "version": "0.8.0",
      "resolved": "https://registry.npmjs.org/leaflet-geometryutil/-/leaflet-geometryutil-0.8.0.tgz",
      "integrity": "sha1-wJwPw3Yo9AKEatVyPIDvlbPSBXw=",
      "requires": {
        "leaflet": "1.1.0"
      }
    },
    "leaflet-map-builder": {
      "version": "github:gherardovarando/leaflet-map-builder#5bd97968f8dd8d0441287975282310c361279d18",
      "requires": {
        "leaflet": "1.0.3"
      },
      "dependencies": {
        "leaflet": {
          "version": "1.0.3",
          "resolved": "https://registry.npmjs.org/leaflet/-/leaflet-1.0.3.tgz",
          "integrity": "sha1-H0AbmLRcgZITTGyNaWhiU4BQB8g="
        }
      }
    },
    "leaflet-multislice": {
      "version": "github:gherardovarando/leaflet-multislice#ad5f7dae130f9b254879ae19dc383f893e140cec"
    },
    "leaflet-snap": {
      "version": "0.0.4",
      "resolved": "https://registry.npmjs.org/leaflet-snap/-/leaflet-snap-0.0.4.tgz",
      "integrity": "sha1-/d+TjLTqsEoexwn4dZFqSHq/v30=",
      "requires": {
        "leaflet": "0.7.7",
        "leaflet-draw": "0.3.2",
        "leaflet-geometryutil": "0.8.0"
      },
      "dependencies": {
        "leaflet": {
          "version": "0.7.7",
          "resolved": "https://registry.npmjs.org/leaflet/-/leaflet-0.7.7.tgz",
          "integrity": "sha1-HjUrpU5j0HZFH6NjyQCJDLLPde4="
        }
      }
    },
    "papaparse": {
      "version": "4.3.5",
      "resolved": "https://registry.npmjs.org/papaparse/-/papaparse-4.3.5.tgz",
      "integrity": "sha1-ts31yub+nsYDsb5m8RSmOsZFoDY="
    }
  }
}
